// !$*UTF8*$!
{
	archiveVersion = 1;
	classes = {
	};
	objectVersion = 46;
	objects = {

/* Begin PBXBuildFile section */
		A059AE13384D6B062578B01E /* Pods_TalkerProject.framework in Frameworks */ = {isa = PBXBuildFile; fileRef = 0396FAC0CA41BAB8FCEBFF8F /* Pods_TalkerProject.framework */; };
		AA3C6A491DF28965008B2549 /* VideoCallController.swift in Sources */ = {isa = PBXBuildFile; fileRef = AA3C6A481DF28965008B2549 /* VideoCallController.swift */; };
		AAD0B8641DF29A99002F6508 /* Utils.swift in Sources */ = {isa = PBXBuildFile; fileRef = AAD0B8631DF29A99002F6508 /* Utils.swift */; };
		E3271C8D1DB5FEF700F98EDD /* LoginController.swift in Sources */ = {isa = PBXBuildFile; fileRef = E3271C8C1DB5FEF700F98EDD /* LoginController.swift */; };
		E3271C8F1DB7E37300F98EDD /* GoogleService-Info.plist in Resources */ = {isa = PBXBuildFile; fileRef = E3271C8E1DB7E37300F98EDD /* GoogleService-Info.plist */; };
		E34B266A1DB4A9C9002F4598 /* AppDelegate.swift in Sources */ = {isa = PBXBuildFile; fileRef = E34B26691DB4A9C9002F4598 /* AppDelegate.swift */; };
		E34B266C1DB4A9C9002F4598 /* MessagesController.swift in Sources */ = {isa = PBXBuildFile; fileRef = E34B266B1DB4A9C9002F4598 /* MessagesController.swift */; };
		E34B266F1DB4A9C9002F4598 /* Main.storyboard in Resources */ = {isa = PBXBuildFile; fileRef = E34B266D1DB4A9C9002F4598 /* Main.storyboard */; };
		E34B26711DB4A9C9002F4598 /* Assets.xcassets in Resources */ = {isa = PBXBuildFile; fileRef = E34B26701DB4A9C9002F4598 /* Assets.xcassets */; };
		E34B26741DB4A9C9002F4598 /* LaunchScreen.storyboard in Resources */ = {isa = PBXBuildFile; fileRef = E34B26721DB4A9C9002F4598 /* LaunchScreen.storyboard */; };
		E37EEC9C1DCB905A003D3498 /* MessageCell.swift in Sources */ = {isa = PBXBuildFile; fileRef = E37EEC9B1DCB9059003D3498 /* MessageCell.swift */; };
		E39563E51DE8E842003AAAED /* AnonymousChatLogController.swift in Sources */ = {isa = PBXBuildFile; fileRef = E39563E41DE8E842003AAAED /* AnonymousChatLogController.swift */; };
		E3D64B751DBB16D7000961DE /* NewMessageController.swift in Sources */ = {isa = PBXBuildFile; fileRef = E3D64B741DBB16D7000961DE /* NewMessageController.swift */; };
		E3D64B791DBB519A000961DE /* User.swift in Sources */ = {isa = PBXBuildFile; fileRef = E3D64B781DBB519A000961DE /* User.swift */; };
		E3D64B7D1DBB6519000961DE /* UserCell.swift in Sources */ = {isa = PBXBuildFile; fileRef = E3D64B7C1DBB6519000961DE /* UserCell.swift */; };
		E3D64B851DBD31EB000961DE /* SettingController.swift in Sources */ = {isa = PBXBuildFile; fileRef = E3D64B841DBD31EB000961DE /* SettingController.swift */; };
		E3E23C661DC1DA8B00C6AE8C /* ChatLogController.swift in Sources */ = {isa = PBXBuildFile; fileRef = E3E23C651DC1DA8B00C6AE8C /* ChatLogController.swift */; };
		E3E23C681DC3327000C6AE8C /* Message.swift in Sources */ = {isa = PBXBuildFile; fileRef = E3E23C671DC3327000C6AE8C /* Message.swift */; };
/* End PBXBuildFile section */

/* Begin PBXFileReference section */
		0396FAC0CA41BAB8FCEBFF8F /* Pods_TalkerProject.framework */ = {isa = PBXFileReference; explicitFileType = wrapper.framework; includeInIndex = 0; path = Pods_TalkerProject.framework; sourceTree = BUILT_PRODUCTS_DIR; };
		1E8130DDFD9CA5358214EA1D /* Pods-TalkerProject.debug.xcconfig */ = {isa = PBXFileReference; includeInIndex = 1; lastKnownFileType = text.xcconfig; name = "Pods-TalkerProject.debug.xcconfig"; path = "Pods/Target Support Files/Pods-TalkerProject/Pods-TalkerProject.debug.xcconfig"; sourceTree = "<group>"; };
		693869846EF5DD8C9F71CECE /* Pods-TalkerProject.release.xcconfig */ = {isa = PBXFileReference; includeInIndex = 1; lastKnownFileType = text.xcconfig; name = "Pods-TalkerProject.release.xcconfig"; path = "Pods/Target Support Files/Pods-TalkerProject/Pods-TalkerProject.release.xcconfig"; sourceTree = "<group>"; };
		AA3C6A481DF28965008B2549 /* VideoCallController.swift */ = {isa = PBXFileReference; fileEncoding = 4; lastKnownFileType = sourcecode.swift; path = VideoCallController.swift; sourceTree = "<group>"; };
		AAD0B8631DF29A99002F6508 /* Utils.swift */ = {isa = PBXFileReference; fileEncoding = 4; lastKnownFileType = sourcecode.swift; path = Utils.swift; sourceTree = "<group>"; };
		E3271C8C1DB5FEF700F98EDD /* LoginController.swift */ = {isa = PBXFileReference; fileEncoding = 4; lastKnownFileType = sourcecode.swift; path = LoginController.swift; sourceTree = "<group>"; };
		E3271C8E1DB7E37300F98EDD /* GoogleService-Info.plist */ = {isa = PBXFileReference; fileEncoding = 4; lastKnownFileType = text.plist.xml; path = "GoogleService-Info.plist"; sourceTree = "<group>"; };
		E3271C901DB892C600F98EDD /* TalkerProject.entitlements */ = {isa = PBXFileReference; lastKnownFileType = text.plist.entitlements; path = TalkerProject.entitlements; sourceTree = "<group>"; };
		E34B26661DB4A9C9002F4598 /* TalkerProject.app */ = {isa = PBXFileReference; explicitFileType = wrapper.application; includeInIndex = 0; path = TalkerProject.app; sourceTree = BUILT_PRODUCTS_DIR; };
		E34B26691DB4A9C9002F4598 /* AppDelegate.swift */ = {isa = PBXFileReference; lastKnownFileType = sourcecode.swift; path = AppDelegate.swift; sourceTree = "<group>"; };
		E34B266B1DB4A9C9002F4598 /* MessagesController.swift */ = {isa = PBXFileReference; lastKnownFileType = sourcecode.swift; path = MessagesController.swift; sourceTree = "<group>"; };
		E34B266E1DB4A9C9002F4598 /* Base */ = {isa = PBXFileReference; lastKnownFileType = file.storyboard; name = Base; path = Base.lproj/Main.storyboard; sourceTree = "<group>"; };
		E34B26701DB4A9C9002F4598 /* Assets.xcassets */ = {isa = PBXFileReference; lastKnownFileType = folder.assetcatalog; path = Assets.xcassets; sourceTree = "<group>"; };
		E34B26731DB4A9C9002F4598 /* Base */ = {isa = PBXFileReference; lastKnownFileType = file.storyboard; name = Base; path = Base.lproj/LaunchScreen.storyboard; sourceTree = "<group>"; };
		E34B26751DB4A9C9002F4598 /* Info.plist */ = {isa = PBXFileReference; lastKnownFileType = text.plist.xml; path = Info.plist; sourceTree = "<group>"; };
		E37EEC9B1DCB9059003D3498 /* MessageCell.swift */ = {isa = PBXFileReference; fileEncoding = 4; lastKnownFileType = sourcecode.swift; path = MessageCell.swift; sourceTree = "<group>"; };
		E39563E41DE8E842003AAAED /* AnonymousChatLogController.swift */ = {isa = PBXFileReference; fileEncoding = 4; lastKnownFileType = sourcecode.swift; path = AnonymousChatLogController.swift; sourceTree = "<group>"; };
		E3D64B741DBB16D7000961DE /* NewMessageController.swift */ = {isa = PBXFileReference; fileEncoding = 4; lastKnownFileType = sourcecode.swift; path = NewMessageController.swift; sourceTree = "<group>"; };
		E3D64B781DBB519A000961DE /* User.swift */ = {isa = PBXFileReference; fileEncoding = 4; lastKnownFileType = sourcecode.swift; path = User.swift; sourceTree = "<group>"; };
		E3D64B7C1DBB6519000961DE /* UserCell.swift */ = {isa = PBXFileReference; fileEncoding = 4; lastKnownFileType = sourcecode.swift; path = UserCell.swift; sourceTree = "<group>"; };
		E3D64B841DBD31EB000961DE /* SettingController.swift */ = {isa = PBXFileReference; fileEncoding = 4; lastKnownFileType = sourcecode.swift; path = SettingController.swift; sourceTree = "<group>"; };
		E3E23C651DC1DA8B00C6AE8C /* ChatLogController.swift */ = {isa = PBXFileReference; fileEncoding = 4; lastKnownFileType = sourcecode.swift; path = ChatLogController.swift; sourceTree = "<group>"; };
		E3E23C671DC3327000C6AE8C /* Message.swift */ = {isa = PBXFileReference; fileEncoding = 4; lastKnownFileType = sourcecode.swift; path = Message.swift; sourceTree = "<group>"; };
/* End PBXFileReference section */

/* Begin PBXFrameworksBuildPhase section */
		E34B26631DB4A9C9002F4598 /* Frameworks */ = {
			isa = PBXFrameworksBuildPhase;
			buildActionMask = 2147483647;
			files = (
				A059AE13384D6B062578B01E /* Pods_TalkerProject.framework in Frameworks */,
			);
			runOnlyForDeploymentPostprocessing = 0;
		};
/* End PBXFrameworksBuildPhase section */

/* Begin PBXGroup section */
		C7FD0EBBEC2C8F25B2999B0A /* Pods */ = {
			isa = PBXGroup;
			children = (
				1E8130DDFD9CA5358214EA1D /* Pods-TalkerProject.debug.xcconfig */,
				693869846EF5DD8C9F71CECE /* Pods-TalkerProject.release.xcconfig */,
			);
			name = Pods;
			sourceTree = "<group>";
		};
		E3271C8B1DB5FED200F98EDD /* Controllers */ = {
			isa = PBXGroup;
			children = (
				E34B266B1DB4A9C9002F4598 /* MessagesController.swift */,
				E3D64B741DBB16D7000961DE /* NewMessageController.swift */,
				E3271C8C1DB5FEF700F98EDD /* LoginController.swift */,
				E3D64B841DBD31EB000961DE /* SettingController.swift */,
				E3E23C651DC1DA8B00C6AE8C /* ChatLogController.swift */,
				E39563E41DE8E842003AAAED /* AnonymousChatLogController.swift */,
				AA3C6A481DF28965008B2549 /* VideoCallController.swift */,
			);
			name = Controllers;
			sourceTree = "<group>";
		};
		E34B265D1DB4A9C9002F4598 = {
			isa = PBXGroup;
			children = (
				E34B26681DB4A9C9002F4598 /* TalkerProject */,
				E34B26671DB4A9C9002F4598 /* Products */,
				C7FD0EBBEC2C8F25B2999B0A /* Pods */,
				F5D00A9B719A6FF7468969FD /* Frameworks */,
			);
			sourceTree = "<group>";
		};
		E34B26671DB4A9C9002F4598 /* Products */ = {
			isa = PBXGroup;
			children = (
				E34B26661DB4A9C9002F4598 /* TalkerProject.app */,
			);
			name = Products;
			sourceTree = "<group>";
		};
		E34B26681DB4A9C9002F4598 /* TalkerProject */ = {
			isa = PBXGroup;
			children = (
				E3CBA9891DE1E66000F20405 /* Helpers */,
				E3D64B771DBB5162000961DE /* Views */,
				E3D64B761DBB515D000961DE /* Models */,
				E3271C901DB892C600F98EDD /* TalkerProject.entitlements */,
				E3271C8B1DB5FED200F98EDD /* Controllers */,
				E34B26691DB4A9C9002F4598 /* AppDelegate.swift */,
				E34B266D1DB4A9C9002F4598 /* Main.storyboard */,
				E34B26701DB4A9C9002F4598 /* Assets.xcassets */,
				E34B26721DB4A9C9002F4598 /* LaunchScreen.storyboard */,
				E3271C8E1DB7E37300F98EDD /* GoogleService-Info.plist */,
				E34B26751DB4A9C9002F4598 /* Info.plist */,
			);
			path = TalkerProject;
			sourceTree = "<group>";
		};
		E3CBA9891DE1E66000F20405 /* Helpers */ = {
			isa = PBXGroup;
			children = (
				AAD0B8631DF29A99002F6508 /* Utils.swift */,
			);
			name = Helpers;
			sourceTree = "<group>";
		};
		E3D64B761DBB515D000961DE /* Models */ = {
			isa = PBXGroup;
			children = (
				E3D64B781DBB519A000961DE /* User.swift */,
				E3E23C671DC3327000C6AE8C /* Message.swift */,
			);
			name = Models;
			sourceTree = "<group>";
		};
		E3D64B771DBB5162000961DE /* Views */ = {
			isa = PBXGroup;
			children = (
				E3D64B7C1DBB6519000961DE /* UserCell.swift */,
				E37EEC9B1DCB9059003D3498 /* MessageCell.swift */,
			);
			name = Views;
			sourceTree = "<group>";
		};
		F5D00A9B719A6FF7468969FD /* Frameworks */ = {
			isa = PBXGroup;
			children = (
				0396FAC0CA41BAB8FCEBFF8F /* Pods_TalkerProject.framework */,
			);
			name = Frameworks;
			sourceTree = "<group>";
		};
/* End PBXGroup section */

/* Begin PBXNativeTarget section */
		E34B26651DB4A9C9002F4598 /* TalkerProject */ = {
			isa = PBXNativeTarget;
			buildConfigurationList = E34B26781DB4A9C9002F4598 /* Build configuration list for PBXNativeTarget "TalkerProject" */;
			buildPhases = (
				FD5F33A1E25C116E1F5D59EC /* [CP] Check Pods Manifest.lock */,
				E34B26621DB4A9C9002F4598 /* Sources */,
				E34B26631DB4A9C9002F4598 /* Frameworks */,
				E34B26641DB4A9C9002F4598 /* Resources */,
				489443FFFAE655A0EE97AECB /* [CP] Embed Pods Frameworks */,
				3CBE76D0007659DB930DC02C /* [CP] Copy Pods Resources */,
				E3CBA9871DE14C2F00F20405 /* Run Script */,
			);
			buildRules = (
			);
			dependencies = (
			);
			name = TalkerProject;
			productName = TalkerProject;
			productReference = E34B26661DB4A9C9002F4598 /* TalkerProject.app */;
			productType = "com.apple.product-type.application";
		};
/* End PBXNativeTarget section */

/* Begin PBXProject section */
		E34B265E1DB4A9C9002F4598 /* Project object */ = {
			isa = PBXProject;
			attributes = {
				LastSwiftUpdateCheck = 0800;
				LastUpgradeCheck = 0810;
				ORGANIZATIONNAME = "Nguyen Duc Gia Bao";
				TargetAttributes = {
					E34B26651DB4A9C9002F4598 = {
						CreatedOnToolsVersion = 8.0;
						DevelopmentTeam = LEH8XEP9K4;
						ProvisioningStyle = Automatic;
						SystemCapabilities = {
							com.apple.Keychain = {
								enabled = 1;
							};
						};
					};
				};
			};
			buildConfigurationList = E34B26611DB4A9C9002F4598 /* Build configuration list for PBXProject "TalkerProject" */;
			compatibilityVersion = "Xcode 3.2";
			developmentRegion = English;
			hasScannedForEncodings = 0;
			knownRegions = (
				en,
				Base,
			);
			mainGroup = E34B265D1DB4A9C9002F4598;
			productRefGroup = E34B26671DB4A9C9002F4598 /* Products */;
			projectDirPath = "";
			projectRoot = "";
			targets = (
				E34B26651DB4A9C9002F4598 /* TalkerProject */,
			);
		};
/* End PBXProject section */

/* Begin PBXResourcesBuildPhase section */
		E34B26641DB4A9C9002F4598 /* Resources */ = {
			isa = PBXResourcesBuildPhase;
			buildActionMask = 2147483647;
			files = (
				E34B26741DB4A9C9002F4598 /* LaunchScreen.storyboard in Resources */,
				E3271C8F1DB7E37300F98EDD /* GoogleService-Info.plist in Resources */,
				E34B26711DB4A9C9002F4598 /* Assets.xcassets in Resources */,
				E34B266F1DB4A9C9002F4598 /* Main.storyboard in Resources */,
			);
			runOnlyForDeploymentPostprocessing = 0;
		};
/* End PBXResourcesBuildPhase section */

/* Begin PBXShellScriptBuildPhase section */
		3CBE76D0007659DB930DC02C /* [CP] Copy Pods Resources */ = {
			isa = PBXShellScriptBuildPhase;
			buildActionMask = 2147483647;
			files = (
			);
			inputPaths = (
			);
			name = "[CP] Copy Pods Resources";
			outputPaths = (
			);
			runOnlyForDeploymentPostprocessing = 0;
			shellPath = /bin/sh;
			shellScript = "\"${SRCROOT}/Pods/Target Support Files/Pods-TalkerProject/Pods-TalkerProject-resources.sh\"\n";
			showEnvVarsInLog = 0;
		};
		489443FFFAE655A0EE97AECB /* [CP] Embed Pods Frameworks */ = {
			isa = PBXShellScriptBuildPhase;
			buildActionMask = 2147483647;
			files = (
			);
			inputPaths = (
			);
			name = "[CP] Embed Pods Frameworks";
			outputPaths = (
			);
			runOnlyForDeploymentPostprocessing = 0;
			shellPath = /bin/sh;
			shellScript = "\"${SRCROOT}/Pods/Target Support Files/Pods-TalkerProject/Pods-TalkerProject-frameworks.sh\"\n";
			showEnvVarsInLog = 0;
		};
		E3CBA9871DE14C2F00F20405 /* Run Script */ = {
			isa = PBXShellScriptBuildPhase;
			buildActionMask = 12;
			files = (
			);
			inputPaths = (
			);
			name = "Run Script";
			outputPaths = (
			);
			runOnlyForDeploymentPostprocessing = 0;
			shellPath = /bin/sh;
			shellScript = "function removeHeaders() {\n    find $BUILD_ROOT/Debug-iphoneos/  -name '*.h' -exec rm -f {} \\;\n}\nremoveHeaders";
		};
		FD5F33A1E25C116E1F5D59EC /* [CP] Check Pods Manifest.lock */ = {
			isa = PBXShellScriptBuildPhase;
			buildActionMask = 2147483647;
			files = (
			);
			inputPaths = (
			);
			name = "[CP] Check Pods Manifest.lock";
			outputPaths = (
			);
			runOnlyForDeploymentPostprocessing = 0;
			shellPath = /bin/sh;
			shellScript = "diff \"${PODS_ROOT}/../Podfile.lock\" \"${PODS_ROOT}/Manifest.lock\" > /dev/null\nif [ $? != 0 ] ; then\n    # print error to STDERR\n    echo \"error: The sandbox is not in sync with the Podfile.lock. Run 'pod install' or update your CocoaPods installation.\" >&2\n    exit 1\nfi\n";
			showEnvVarsInLog = 0;
		};
/* End PBXShellScriptBuildPhase section */

/* Begin PBXSourcesBuildPhase section */
		E34B26621DB4A9C9002F4598 /* Sources */ = {
			isa = PBXSourcesBuildPhase;
			buildActionMask = 2147483647;
			files = (
				AA3C6A491DF28965008B2549 /* VideoCallController.swift in Sources */,
				E3E23C661DC1DA8B00C6AE8C /* ChatLogController.swift in Sources */,
				E37EEC9C1DCB905A003D3498 /* MessageCell.swift in Sources */,
				AAD0B8641DF29A99002F6508 /* Utils.swift in Sources */,
				E3D64B751DBB16D7000961DE /* NewMessageController.swift in Sources */,
				E34B266C1DB4A9C9002F4598 /* MessagesController.swift in Sources */,
				E3E23C681DC3327000C6AE8C /* Message.swift in Sources */,
				E3D64B7D1DBB6519000961DE /* UserCell.swift in Sources */,
				E3271C8D1DB5FEF700F98EDD /* LoginController.swift in Sources */,
				E39563E51DE8E842003AAAED /* AnonymousChatLogController.swift in Sources */,
				E3D64B791DBB519A000961DE /* User.swift in Sources */,
				E34B266A1DB4A9C9002F4598 /* AppDelegate.swift in Sources */,
				E3D64B851DBD31EB000961DE /* SettingController.swift in Sources */,
			);
			runOnlyForDeploymentPostprocessing = 0;
		};
/* End PBXSourcesBuildPhase section */

/* Begin PBXVariantGroup section */
		E34B266D1DB4A9C9002F4598 /* Main.storyboard */ = {
			isa = PBXVariantGroup;
			children = (
				E34B266E1DB4A9C9002F4598 /* Base */,
			);
			name = Main.storyboard;
			sourceTree = "<group>";
		};
		E34B26721DB4A9C9002F4598 /* LaunchScreen.storyboard */ = {
			isa = PBXVariantGroup;
			children = (
				E34B26731DB4A9C9002F4598 /* Base */,
			);
			name = LaunchScreen.storyboard;
			sourceTree = "<group>";
		};
/* End PBXVariantGroup section */

/* Begin XCBuildConfiguration section */
		E34B26761DB4A9C9002F4598 /* Debug */ = {
			isa = XCBuildConfiguration;
			buildSettings = {
				ALWAYS_SEARCH_USER_PATHS = NO;
				CLANG_ANALYZER_NONNULL = YES;
				CLANG_CXX_LANGUAGE_STANDARD = "gnu++0x";
				CLANG_CXX_LIBRARY = "libc++";
				CLANG_ENABLE_MODULES = YES;
				CLANG_ENABLE_OBJC_ARC = YES;
				CLANG_WARN_BOOL_CONVERSION = YES;
				CLANG_WARN_CONSTANT_CONVERSION = YES;
				CLANG_WARN_DIRECT_OBJC_ISA_USAGE = YES_ERROR;
				CLANG_WARN_DOCUMENTATION_COMMENTS = YES;
				CLANG_WARN_EMPTY_BODY = YES;
				CLANG_WARN_ENUM_CONVERSION = YES;
				CLANG_WARN_INFINITE_RECURSION = YES;
				CLANG_WARN_INT_CONVERSION = YES;
				CLANG_WARN_OBJC_ROOT_CLASS = YES_ERROR;
				CLANG_WARN_SUSPICIOUS_MOVE = YES;
				CLANG_WARN_SUSPICIOUS_MOVES = YES;
				CLANG_WARN_UNREACHABLE_CODE = YES;
				CLANG_WARN__DUPLICATE_METHOD_MATCH = YES;
				"CODE_SIGN_IDENTITY[sdk=iphoneos*]" = "iPhone Developer";
				COPY_PHASE_STRIP = NO;
				DEBUG_INFORMATION_FORMAT = dwarf;
				ENABLE_STRICT_OBJC_MSGSEND = YES;
				ENABLE_TESTABILITY = YES;
				GCC_C_LANGUAGE_STANDARD = gnu99;
				GCC_DYNAMIC_NO_PIC = NO;
				GCC_NO_COMMON_BLOCKS = YES;
				GCC_OPTIMIZATION_LEVEL = 0;
				GCC_PREPROCESSOR_DEFINITIONS = (
					"DEBUG=1",
					"$(inherited)",
				);
				GCC_WARN_64_TO_32_BIT_CONVERSION = YES;
				GCC_WARN_ABOUT_RETURN_TYPE = YES_ERROR;
				GCC_WARN_UNDECLARED_SELECTOR = YES;
				GCC_WARN_UNINITIALIZED_AUTOS = YES_AGGRESSIVE;
				GCC_WARN_UNUSED_FUNCTION = YES;
				GCC_WARN_UNUSED_VARIABLE = YES;
				IPHONEOS_DEPLOYMENT_TARGET = 10.0;
				MTL_ENABLE_DEBUG_INFO = YES;
				ONLY_ACTIVE_ARCH = YES;
				SDKROOT = iphoneos;
				SWIFT_ACTIVE_COMPILATION_CONDITIONS = DEBUG;
				SWIFT_OPTIMIZATION_LEVEL = "-Onone";
			};
			name = Debug;
		};
		E34B26771DB4A9C9002F4598 /* Release */ = {
			isa = XCBuildConfiguration;
			buildSettings = {
				ALWAYS_SEARCH_USER_PATHS = NO;
				CLANG_ANALYZER_NONNULL = YES;
				CLANG_CXX_LANGUAGE_STANDARD = "gnu++0x";
				CLANG_CXX_LIBRARY = "libc++";
				CLANG_ENABLE_MODULES = YES;
				CLANG_ENABLE_OBJC_ARC = YES;
				CLANG_WARN_BOOL_CONVERSION = YES;
				CLANG_WARN_CONSTANT_CONVERSION = YES;
				CLANG_WARN_DIRECT_OBJC_ISA_USAGE = YES_ERROR;
				CLANG_WARN_DOCUMENTATION_COMMENTS = YES;
				CLANG_WARN_EMPTY_BODY = YES;
				CLANG_WARN_ENUM_CONVERSION = YES;
				CLANG_WARN_INFINITE_RECURSION = YES;
				CLANG_WARN_INT_CONVERSION = YES;
				CLANG_WARN_OBJC_ROOT_CLASS = YES_ERROR;
				CLANG_WARN_SUSPICIOUS_MOVE = YES;
				CLANG_WARN_SUSPICIOUS_MOVES = YES;
				CLANG_WARN_UNREACHABLE_CODE = YES;
				CLANG_WARN__DUPLICATE_METHOD_MATCH = YES;
				"CODE_SIGN_IDENTITY[sdk=iphoneos*]" = "iPhone Developer";
				COPY_PHASE_STRIP = NO;
				DEBUG_INFORMATION_FORMAT = "dwarf-with-dsym";
				ENABLE_NS_ASSERTIONS = NO;
				ENABLE_STRICT_OBJC_MSGSEND = YES;
				GCC_C_LANGUAGE_STANDARD = gnu99;
				GCC_NO_COMMON_BLOCKS = YES;
				GCC_WARN_64_TO_32_BIT_CONVERSION = YES;
				GCC_WARN_ABOUT_RETURN_TYPE = YES_ERROR;
				GCC_WARN_UNDECLARED_SELECTOR = YES;
				GCC_WARN_UNINITIALIZED_AUTOS = YES_AGGRESSIVE;
				GCC_WARN_UNUSED_FUNCTION = YES;
				GCC_WARN_UNUSED_VARIABLE = YES;
				IPHONEOS_DEPLOYMENT_TARGET = 10.0;
				MTL_ENABLE_DEBUG_INFO = NO;
				SDKROOT = iphoneos;
				SWIFT_OPTIMIZATION_LEVEL = "-Owholemodule";
				VALIDATE_PRODUCT = YES;
			};
			name = Release;
		};
		E34B26791DB4A9C9002F4598 /* Debug */ = {
			isa = XCBuildConfiguration;
			baseConfigurationReference = 1E8130DDFD9CA5358214EA1D /* Pods-TalkerProject.debug.xcconfig */;
			buildSettings = {
				ALWAYS_EMBED_SWIFT_STANDARD_LIBRARIES = YES;
				ASSETCATALOG_COMPILER_APPICON_NAME = AppIcon;
				CODE_SIGN_ENTITLEMENTS = TalkerProject/TalkerProject.entitlements;
				DEVELOPMENT_TEAM = LEH8XEP9K4;
				ENABLE_BITCODE = NO;
				INFOPLIST_FILE = TalkerProject/Info.plist;
				IPHONEOS_DEPLOYMENT_TARGET = 9.3;
				LD_RUNPATH_SEARCH_PATHS = "$(inherited) @executable_path/Frameworks";
				PRODUCT_BUNDLE_IDENTIFIER = RMITUniversity.TalkerProject;
				PRODUCT_NAME = "$(TARGET_NAME)";
				SWIFT_VERSION = 3.0;
				TARGETED_DEVICE_FAMILY = 1;
			};
			name = Debug;
		};
		E34B267A1DB4A9C9002F4598 /* Release */ = {
			isa = XCBuildConfiguration;
			baseConfigurationReference = 693869846EF5DD8C9F71CECE /* Pods-TalkerProject.release.xcconfig */;
			buildSettings = {
				ALWAYS_EMBED_SWIFT_STANDARD_LIBRARIES = YES;
				ASSETCATALOG_COMPILER_APPICON_NAME = AppIcon;
				CODE_SIGN_ENTITLEMENTS = TalkerProject/TalkerProject.entitlements;
				DEVELOPMENT_TEAM = LEH8XEP9K4;
				ENABLE_BITCODE = NO;
				INFOPLIST_FILE = TalkerProject/Info.plist;
				IPHONEOS_DEPLOYMENT_TARGET = 9.3;
				LD_RUNPATH_SEARCH_PATHS = "$(inherited) @executable_path/Frameworks";
				PRODUCT_BUNDLE_IDENTIFIER = RMITUniversity.TalkerProject;
				PRODUCT_NAME = "$(TARGET_NAME)";
				SWIFT_VERSION = 3.0;
				TARGETED_DEVICE_FAMILY = 1;
			};
			name = Release;
		};
/* End XCBuildConfiguration section */

/* Begin XCConfigurationList section */
		E34B26611DB4A9C9002F4598 /* Build configuration list for PBXProject "TalkerProject" */ = {
			isa = XCConfigurationList;
			buildConfigurations = (
				E34B26761DB4A9C9002F4598 /* Debug */,
				E34B26771DB4A9C9002F4598 /* Release */,
			);
			defaultConfigurationIsVisible = 0;
			defaultConfigurationName = Release;
		};
		E34B26781DB4A9C9002F4598 /* Build configuration list for PBXNativeTarget "TalkerProject" */ = {
			isa = XCConfigurationList;
			buildConfigurations = (
				E34B26791DB4A9C9002F4598 /* Debug */,
				E34B267A1DB4A9C9002F4598 /* Release */,
			);
			defaultConfigurationIsVisible = 0;
			defaultConfigurationName = Release;
		};
/* End XCConfigurationList section */
	};
	rootObject = E34B265E1DB4A9C9002F4598 /* Project object */;
}
